<?xml version="1.0" encoding="utf-8"?>
<Project ToolsVersion="4.0" xmlns="http://schemas.microsoft.com/developer/msbuild/2003">
  <ItemGroup>
    <Filter Include="Source Files">
      <UniqueIdentifier>{4FC737F1-C7A5-4376-A066-2A32D752A2FF}</UniqueIdentifier>
      <Extensions>cpp;c;cc;cxx;c++;cppm;ixx;def;odl;idl;hpj;bat;asm;asmx</Extensions>
    </Filter>
    <Filter Include="Header Files">
      <UniqueIdentifier>{93995380-89BD-4b04-88EB-625FBE52EBFB}</UniqueIdentifier>
      <Extensions>h;hh;hpp;hxx;h++;hm;inl;inc;ipp;xsd</Extensions>
    </Filter>
    <Filter Include="Resource Files">
      <UniqueIdentifier>{67DA6AB6-F800-4c08-8B7A-83BB121AAD01}</UniqueIdentifier>
      <Extensions>rc;ico;cur;bmp;dlg;rc2;rct;bin;rgs;gif;jpg;jpeg;jpe;resx;tiff;tif;png;wav;mfcribbon-ms</Extensions>
    </Filter>
    <Filter Include="pch">
      <UniqueIdentifier>{bde49f2f-a3fc-411d-88dd-d737a4d7ff5b}</UniqueIdentifier>
    </Filter>
    <Filter Include="mem">
      <UniqueIdentifier>{037782e3-24a2-4985-9919-228df7a14777}</UniqueIdentifier>
    </Filter>
    <Filter Include="Offsets">
      <UniqueIdentifier>{c7e947f6-b769-4918-bf74-5c5232630537}</UniqueIdentifier>
    </Filter>
    <Filter Include="Update">
      <UniqueIdentifier>{d6a7bc5c-9b49-4b76-a8b3-34d62ee4fb13}</UniqueIdentifier>
    </Filter>
    <Filter Include="Options">
      <UniqueIdentifier>{1c0e0cf8-77f7-44e9-93d0-7e0263dd8890}</UniqueIdentifier>
    </Filter>
  </ItemGroup>
  <ItemGroup>
    <ClInclude Include="framework.h">
      <Filter>Header Files</Filter>
    </ClInclude>
    <ClInclude Include="pch.h">
      <Filter>pch</Filter>
    </ClInclude>
    <ClInclude Include="mem.h">
      <Filter>mem</Filter>
    </ClInclude>
    <ClInclude Include="Offsets.hpp">
      <Filter>Offsets</Filter>
    </ClInclude>
    <ClInclude Include="Update.h">
      <Filter>Update</Filter>
    </ClInclude>
    <ClInclude Include="Options.h">
      <Filter>Options</Filter>
    </ClInclude>
  </ItemGroup>
  <ItemGroup>
    <ClCompile Include="dllmain.cpp">
      <Filter>Source Files</Filter>
    </ClCompile>
    <ClCompile Include="pch.cpp">
      <Filter>pch</Filter>
    </ClCompile>
    <ClCompile Include="mem.cpp">
      <Filter>mem</Filter>
    </ClCompile>
    <ClCompile Include="Update.cpp">
      <Filter>Update</Filter>
    </ClCompile>
    <ClCompile Include="Options.cpp">
      <Filter>Options</Filter>
    </ClCompile>
  </ItemGroup>
</Project>